{
  "name": "modsdk-workflow-generator",
  "version": "1.0.0",
  "lockfileVersion": 3,
  "requires": true,
  "packages": {
    "": {
      "name": "modsdk-workflow-generator",
      "version": "1.0.0",
      "license": "MIT",
      "bin": {
        "modsdk-deploy": "bin/quick-deploy.js"
      },
      "devDependencies": {},
      "engines": {
        "node": ">=12.0.0"
      }
    }
  }
}
